// !$*UTF8*$!
{
	archiveVersion = 1;
	classes = {
	};
	objectVersion = 46;
	objects = {

/* Begin PBXBuildFile section */
		68A89C4F1A1668D200129880 /* AppDelegate.swift in Sources */ = {isa = PBXBuildFile; fileRef = 68A89C4E1A1668D200129880 /* AppDelegate.swift */; };
		68A89C511A1668D200129880 /* MainViewController.swift in Sources */ = {isa = PBXBuildFile; fileRef = 68A89C501A1668D200129880 /* MainViewController.swift */; };
		68A89C561A1668D200129880 /* Images.xcassets in Resources */ = {isa = PBXBuildFile; fileRef = 68A89C551A1668D200129880 /* Images.xcassets */; };
/* End PBXBuildFile section */

/* Begin PBXFileReference section */
		68A89C491A1668D200129880 /* Flacco.app */ = {isa = PBXFileReference; explicitFileType = wrapper.application; includeInIndex = 0; path = Flacco.app; sourceTree = BUILT_PRODUCTS_DIR; };
		68A89C4D1A1668D200129880 /* Info.plist */ = {isa = PBXFileReference; lastKnownFileType = text.plist.xml; path = Info.plist; sourceTree = "<group>"; };
		68A89C4E1A1668D200129880 /* AppDelegate.swift */ = {isa = PBXFileReference; lastKnownFileType = sourcecode.swift; path = AppDelegate.swift; sourceTree = "<group>"; };
		68A89C501A1668D200129880 /* MainViewController.swift */ = {isa = PBXFileReference; lastKnownFileType = sourcecode.swift; path = MainViewController.swift; sourceTree = "<group>"; };
		68A89C551A1668D200129880 /* Images.xcassets */ = {isa = PBXFileReference; lastKnownFileType = folder.assetcatalog; path = Images.xcassets; sourceTree = "<group>"; };
/* End PBXFileReference section */

/* Begin PBXFrameworksBuildPhase section */
		68A89C461A1668D200129880 /* Frameworks */ = {
			isa = PBXFrameworksBuildPhase;
			buildActionMask = 2147483647;
			files = (
			);
			runOnlyForDeploymentPostprocessing = 0;
		};
/* End PBXFrameworksBuildPhase section */

/* Begin PBXGroup section */
		68A89C401A1668D200129880 = {
			isa = PBXGroup;
			children = (
				68A89C4B1A1668D200129880 /* Flacco */,
				68A89C4A1A1668D200129880 /* Products */,
			);
			sourceTree = "<group>";
		};
		68A89C4A1A1668D200129880 /* Products */ = {
			isa = PBXGroup;
			children = (
				68A89C491A1668D200129880 /* Flacco.app */,
			);
			name = Products;
			sourceTree = "<group>";
		};
		68A89C4B1A1668D200129880 /* Flacco */ = {
			isa = PBXGroup;
			children = (
				68A89C4E1A1668D200129880 /* AppDelegate.swift */,
				68A89C501A1668D200129880 /* MainViewController.swift */,
				68A89C551A1668D200129880 /* Images.xcassets */,
				68A89C4C1A1668D200129880 /* Supporting Files */,
			);
			path = Flacco;
			sourceTree = "<group>";
		};
		68A89C4C1A1668D200129880 /* Supporting Files */ = {
			isa = PBXGroup;
			children = (
				68A89C4D1A1668D200129880 /* Info.plist */,
			);
			name = "Supporting Files";
			sourceTree = "<group>";
		};
/* End PBXGroup section */

/* Begin PBXNativeTarget section */
		68A89C481A1668D200129880 /* Flacco */ = {
			isa = PBXNativeTarget;
			buildConfigurationList = 68A89C681A1668D200129880 /* Build configuration list for PBXNativeTarget "Flacco" */;
			buildPhases = (
				68A89C451A1668D200129880 /* Sources */,
				68A89C461A1668D200129880 /* Frameworks */,
				68A89C471A1668D200129880 /* Resources */,
			);
			buildRules = (
			);
			dependencies = (
			);
			name = Flacco;
			productName = Flacco;
			productReference = 68A89C491A1668D200129880 /* Flacco.app */;
			productType = "com.apple.product-type.application";
		};
/* End PBXNativeTarget section */

/* Begin PBXProject section */
		68A89C411A1668D200129880 /* Project object */ = {
			isa = PBXProject;
			attributes = {
				LastUpgradeCheck = 0610;
				ORGANIZATIONNAME = "Milton and Parc";
				TargetAttributes = {
					68A89C481A1668D200129880 = {
						CreatedOnToolsVersion = 6.1;
					};
				};
			};
			buildConfigurationList = 68A89C441A1668D200129880 /* Build configuration list for PBXProject "Flacco" */;
			compatibilityVersion = "Xcode 3.2";
			developmentRegion = English;
			hasScannedForEncodings = 0;
			knownRegions = (
				en,
				Base,
			);
			mainGroup = 68A89C401A1668D200129880;
			productRefGroup = 68A89C4A1A1668D200129880 /* Products */;
			projectDirPath = "";
			projectRoot = "";
			targets = (
				68A89C481A1668D200129880 /* Flacco */,
			);
		};
/* End PBXProject section */

/* Begin PBXResourcesBuildPhase section */
		68A89C471A1668D200129880 /* Resources */ = {
			isa = PBXResourcesBuildPhase;
			buildActionMask = 2147483647;
			files = (
				68A89C561A1668D200129880 /* Images.xcassets in Resources */,
			);
			runOnlyForDeploymentPostprocessing = 0;
		};
/* End PBXResourcesBuildPhase section */

/* Begin PBXSourcesBuildPhase section */
		68A89C451A1668D200129880 /* Sources */ = {
			isa = PBXSourcesBuildPhase;
			buildActionMask = 2147483647;
			files = (
				68A89C511A1668D200129880 /* MainViewController.swift in Sources */,
				68A89C4F1A1668D200129880 /* AppDelegate.swift in Sources */,
			);
			runOnlyForDeploymentPostprocessing = 0;
		};
/* End PBXSourcesBuildPhase section */

/* Begin XCBuildConfiguration section */
		68A89C661A1668D200129880 /* Debug */ = {
			isa = XCBuildConfiguration;
			buildSettings = {
				ALWAYS_SEARCH_USER_PATHS = NO;
				CLANG_CXX_LANGUAGE_STANDARD = "gnu++0x";
				CLANG_CXX_LIBRARY = "libc++";
				CLANG_ENABLE_MODULES = YES;
				CLANG_ENABLE_OBJC_ARC = YES;
				CLANG_WARN_BOOL_CONVERSION = YES;
				CLANG_WARN_CONSTANT_CONVERSION = YES;
				CLANG_WARN_DIRECT_OBJC_ISA_USAGE = YES_ERROR;
				CLANG_WARN_EMPTY_BODY = YES;
				CLANG_WARN_ENUM_CONVERSION = YES;
				CLANG_WARN_INT_CONVERSION = YES;
				CLANG_WARN_OBJC_ROOT_CLASS = YES_ERROR;
				CLANG_WARN_UNREACHABLE_CODE = YES;
				CLANG_WARN__DUPLICATE_METHOD_MATCH = YES;
				"CODE_SIGN_IDENTITY[sdk=iphoneos*]" = "iPhone Developer";
				COPY_PHASE_STRIP = NO;
				ENABLE_STRICT_OBJC_MSGSEND = YES;
				GCC_C_LANGUAGE_STANDARD = gnu99;
				GCC_DYNAMIC_NO_PIC = NO;
				GCC_OPTIMIZATION_LEVEL = 0;
				GCC_PREPROCESSOR_DEFINITIONS = (
					"DEBUG=1",
					"$(inherited)",
				);
				GCC_SYMBOLS_PRIVATE_EXTERN = NO;
				GCC_WARN_64_TO_32_BIT_CONVERSION = YES;
				GCC_WARN_ABOUT_RETURN_TYPE = YES_ERROR;
				GCC_WARN_UNDECLARED_SELECTOR = YES;
				GCC_WARN_UNINITIALIZED_AUTOS = YES_AGGRESSIVE;
				GCC_WARN_UNUSED_FUNCTION = YES;
				GCC_WARN_UNUSED_VARIABLE = YES;
				IPHONEOS_DEPLOYMENT_TARGET = 8.1;
				MTL_ENABLE_DEBUG_INFO = YES;
				ONLY_ACTIVE_ARCH = YES;
				SDKROOT = iphoneos;
				SWIFT_OPTIMIZATION_LEVEL = "-Onone";
			};
			name = Debug;
		};
		68A89C671A1668D200129880 /* Release */ = {
			isa = XCBuildConfiguration;
			buildSettings = {
				ALWAYS_SEARCH_USER_PATHS = NO;
				CLANG_CXX_LANGUAGE_STANDARD = "gnu++0x";
				CLANG_CXX_LIBRARY = "libc++";
				CLANG_ENABLE_MODULES = YES;
				CLANG_ENABLE_OBJC_ARC = YES;
				CLANG_WARN_BOOL_CONVERSION = YES;
				CLANG_WARN_CONSTANT_CONVERSION = YES;
				CLANG_WARN_DIRECT_OBJC_ISA_USAGE = YES_ERROR;
				CLANG_WARN_EMPTY_BODY = YES;
				CLANG_WARN_ENUM_CONVERSION = YES;
				CLANG_WARN_INT_CONVERSION = YES;
				CLANG_WARN_OBJC_ROOT_CLASS = YES_ERROR;
				CLANG_WARN_UNREACHABLE_CODE = YES;
				CLANG_WARN__DUPLICATE_METHOD_MATCH = YES;
				"CODE_SIGN_IDENTITY[sdk=iphoneos*]" = "iPhone Developer";
				COPY_PHASE_STRIP = YES;
				ENABLE_NS_ASSERTIONS = NO;
				ENABLE_STRICT_OBJC_MSGSEND = YES;
				GCC_C_LANGUAGE_STANDARD = gnu99;
				GCC_WARN_64_TO_32_BIT_CONVERSION = YES;
				GCC_WARN_ABOUT_RETURN_TYPE = YES_ERROR;
				GCC_WARN_UNDECLARED_SELECTOR = YES;
				GCC_WARN_UNINITIALIZED_AUTOS = YES_AGGRESSIVE;
				GCC_WARN_UNUSED_FUNCTION = YES;
				GCC_WARN_UNUSED_VARIABLE = YES;
				IPHONEOS_DEPLOYMENT_TARGET = 8.1;
				MTL_ENABLE_DEBUG_INFO = NO;
				SDKROOT = iphoneos;
				VALIDATE_PRODUCT = YES;
			};
			name = Release;
		};
		68A89C691A1668D200129880 /* Debug */ = {
			isa = XCBuildConfiguration;
			buildSettings = {
				ASSETCATALOG_COMPILER_APPICON_NAME = AppIcon;
				INFOPLIST_FILE = Flacco/Info.plist;
				LD_RUNPATH_SEARCH_PATHS = "$(inherited) @executable_path/Frameworks";
				PRODUCT_NAME = "$(TARGET_NAME)";
			};
			name = Debug;
		};
		68A89C6A1A1668D200129880 /* Release */ = {
			isa = XCBuildConfiguration;
			buildSettings = {
				ASSETCATALOG_COMPILER_APPICON_NAME = AppIcon;
				INFOPLIST_FILE = Flacco/Info.plist;
				LD_RUNPATH_SEARCH_PATHS = "$(inherited) @executable_path/Frameworks";
				PRODUCT_NAME = "$(TARGET_NAME)";
			};
			name = Release;
		};
/* End XCBuildConfiguration section */

/* Begin XCConfigurationList section */
		68A89C441A1668D200129880 /* Build configuration list for PBXProject "Flacco" */ = {
			isa = XCConfigurationList;
			buildConfigurations = (
				68A89C661A1668D200129880 /* Debug */,
				68A89C671A1668D200129880 /* Release */,
			);
			defaultConfigurationIsVisible = 0;
			defaultConfigurationName = Release;
		};
		68A89C681A1668D200129880 /* Build configuration list for PBXNativeTarget "Flacco" */ = {
			isa = XCConfigurationList;
			buildConfigurations = (
				68A89C691A1668D200129880 /* Debug */,
				68A89C6A1A1668D200129880 /* Release */,
			);
			defaultConfigurationIsVisible = 0;
		};
/* End XCConfigurationList section */
	};
	rootObject = 68A89C411A1668D200129880 /* Project object */;
}
